// !$*UTF8*$!
{
	archiveVersion = 1;
	classes = {
	};
	objectVersion = 50;
	objects = {

/* Begin PBXBuildFile section */
		AC3D79CF9AA96CB41A98C86B /* Pods_Smakfull.framework in Frameworks */ = {isa = PBXBuildFile; fileRef = 8F860C0FBD64BAA61E51CF4E /* Pods_Smakfull.framework */; };
		B695EC332073D85E006FFF69 /* AppDelegate.swift in Sources */ = {isa = PBXBuildFile; fileRef = B695EC322073D85E006FFF69 /* AppDelegate.swift */; };
		B695EC382073D85E006FFF69 /* Main.storyboard in Resources */ = {isa = PBXBuildFile; fileRef = B695EC362073D85E006FFF69 /* Main.storyboard */; };
		B695EC3D2073D863006FFF69 /* LaunchScreen.storyboard in Resources */ = {isa = PBXBuildFile; fileRef = B695EC3B2073D863006FFF69 /* LaunchScreen.storyboard */; };
		B6FFDAAC2073DB4100D869A3 /* InitialViewController.swift in Sources */ = {isa = PBXBuildFile; fileRef = B6FFDAAB2073DB4100D869A3 /* InitialViewController.swift */; };
		B6FFDAAE2073E19D00D869A3 /* Assets.xcassets in Resources */ = {isa = PBXBuildFile; fileRef = B6FFDAAD2073E19D00D869A3 /* Assets.xcassets */; };
		B6FFDAB32073E5D600D869A3 /* RecipesList.storyboard in Resources */ = {isa = PBXBuildFile; fileRef = B6FFDAB22073E5D600D869A3 /* RecipesList.storyboard */; };
		B6FFDAB52073E86C00D869A3 /* RecipesListViewController.swift in Sources */ = {isa = PBXBuildFile; fileRef = B6FFDAB42073E86C00D869A3 /* RecipesListViewController.swift */; };
		B6FFDAB72073F09600D869A3 /* NetworkSettings.swift in Sources */ = {isa = PBXBuildFile; fileRef = B6FFDAB62073F09600D869A3 /* NetworkSettings.swift */; };
		B6FFDAB92073F44B00D869A3 /* NetworkService.swift in Sources */ = {isa = PBXBuildFile; fileRef = B6FFDAB82073F44B00D869A3 /* NetworkService.swift */; };
		B6FFDABB2073F68900D869A3 /* NetworkManager.swift in Sources */ = {isa = PBXBuildFile; fileRef = B6FFDABA2073F68900D869A3 /* NetworkManager.swift */; };
		B6FFDABF2073F96900D869A3 /* RecipeModel.swift in Sources */ = {isa = PBXBuildFile; fileRef = B6FFDABE2073F96900D869A3 /* RecipeModel.swift */; };
		B6FFDAC120740B6800D869A3 /* RecipeCell.swift in Sources */ = {isa = PBXBuildFile; fileRef = B6FFDAC020740B6800D869A3 /* RecipeCell.swift */; };
		B6FFDAC320740F9100D869A3 /* RecipesListViewModel.swift in Sources */ = {isa = PBXBuildFile; fileRef = B6FFDAC220740F9100D869A3 /* RecipesListViewModel.swift */; };
		B6FFDAC620741D1000D869A3 /* UIViewController+Keyboard.swift in Sources */ = {isa = PBXBuildFile; fileRef = B6FFDAC520741D1000D869A3 /* UIViewController+Keyboard.swift */; };
		B6FFDACD2074293D00D869A3 /* RecipeDetailsStoryboard.storyboard in Resources */ = {isa = PBXBuildFile; fileRef = B6FFDACC2074293C00D869A3 /* RecipeDetailsStoryboard.storyboard */; };
		B6FFDACF2074295A00D869A3 /* RecipeDetailsViewController.swift in Sources */ = {isa = PBXBuildFile; fileRef = B6FFDACE2074295A00D869A3 /* RecipeDetailsViewController.swift */; };
		B6FFDAD120742F9000D869A3 /* RecipeDetailsViewModel.swift in Sources */ = {isa = PBXBuildFile; fileRef = B6FFDAD020742F9000D869A3 /* RecipeDetailsViewModel.swift */; };
		B6FFDAD320742FF800D869A3 /* RecipeDetailsModel.swift in Sources */ = {isa = PBXBuildFile; fileRef = B6FFDAD220742FF800D869A3 /* RecipeDetailsModel.swift */; };
		B6FFDAD5207437E100D869A3 /* UIViewController+NavigationItem.swift in Sources */ = {isa = PBXBuildFile; fileRef = B6FFDAD4207437E100D869A3 /* UIViewController+NavigationItem.swift */; };
		B6FFDADA20744FBE00D869A3 /* WebViewStoryboard.storyboard in Resources */ = {isa = PBXBuildFile; fileRef = B6FFDAD920744FBE00D869A3 /* WebViewStoryboard.storyboard */; };
		B6FFDADC2074512400D869A3 /* WebViewViewController.swift in Sources */ = {isa = PBXBuildFile; fileRef = B6FFDADB2074512400D869A3 /* WebViewViewController.swift */; };
		B6FFDADE20745AE600D869A3 /* MoyaResponse+Toast.swift in Sources */ = {isa = PBXBuildFile; fileRef = B6FFDADD20745AE600D869A3 /* MoyaResponse+Toast.swift */; };
/* End PBXBuildFile section */

/* Begin PBXFileReference section */
		7113745A3E1F6C7C26FC3613 /* Pods-Smakfull.release.xcconfig */ = {isa = PBXFileReference; includeInIndex = 1; lastKnownFileType = text.xcconfig; name = "Pods-Smakfull.release.xcconfig"; path = "Pods/Target Support Files/Pods-Smakfull/Pods-Smakfull.release.xcconfig"; sourceTree = "<group>"; };
		8F860C0FBD64BAA61E51CF4E /* Pods_Smakfull.framework */ = {isa = PBXFileReference; explicitFileType = wrapper.framework; includeInIndex = 0; path = Pods_Smakfull.framework; sourceTree = BUILT_PRODUCTS_DIR; };
		B695EC2F2073D85E006FFF69 /* Smakfull.app */ = {isa = PBXFileReference; explicitFileType = wrapper.application; includeInIndex = 0; path = Smakfull.app; sourceTree = BUILT_PRODUCTS_DIR; };
		B695EC322073D85E006FFF69 /* AppDelegate.swift */ = {isa = PBXFileReference; lastKnownFileType = sourcecode.swift; path = AppDelegate.swift; sourceTree = "<group>"; };
		B695EC372073D85E006FFF69 /* Base */ = {isa = PBXFileReference; lastKnownFileType = file.storyboard; name = Base; path = Base.lproj/Main.storyboard; sourceTree = "<group>"; };
		B695EC3C2073D863006FFF69 /* Base */ = {isa = PBXFileReference; lastKnownFileType = file.storyboard; name = Base; path = Base.lproj/LaunchScreen.storyboard; sourceTree = "<group>"; };
		B695EC3E2073D863006FFF69 /* Info.plist */ = {isa = PBXFileReference; lastKnownFileType = text.plist.xml; path = Info.plist; sourceTree = "<group>"; };
		B6FFDAAB2073DB4100D869A3 /* InitialViewController.swift */ = {isa = PBXFileReference; lastKnownFileType = sourcecode.swift; path = InitialViewController.swift; sourceTree = "<group>"; };
		B6FFDAAD2073E19D00D869A3 /* Assets.xcassets */ = {isa = PBXFileReference; lastKnownFileType = folder.assetcatalog; path = Assets.xcassets; sourceTree = "<group>"; };
		B6FFDAB22073E5D600D869A3 /* RecipesList.storyboard */ = {isa = PBXFileReference; lastKnownFileType = file.storyboard; path = RecipesList.storyboard; sourceTree = "<group>"; };
		B6FFDAB42073E86C00D869A3 /* RecipesListViewController.swift */ = {isa = PBXFileReference; lastKnownFileType = sourcecode.swift; path = RecipesListViewController.swift; sourceTree = "<group>"; };
		B6FFDAB62073F09600D869A3 /* NetworkSettings.swift */ = {isa = PBXFileReference; lastKnownFileType = sourcecode.swift; path = NetworkSettings.swift; sourceTree = "<group>"; };
		B6FFDAB82073F44B00D869A3 /* NetworkService.swift */ = {isa = PBXFileReference; lastKnownFileType = sourcecode.swift; path = NetworkService.swift; sourceTree = "<group>"; };
		B6FFDABA2073F68900D869A3 /* NetworkManager.swift */ = {isa = PBXFileReference; lastKnownFileType = sourcecode.swift; path = NetworkManager.swift; sourceTree = "<group>"; };
		B6FFDABE2073F96900D869A3 /* RecipeModel.swift */ = {isa = PBXFileReference; lastKnownFileType = sourcecode.swift; path = RecipeModel.swift; sourceTree = "<group>"; };
		B6FFDAC020740B6800D869A3 /* RecipeCell.swift */ = {isa = PBXFileReference; lastKnownFileType = sourcecode.swift; path = RecipeCell.swift; sourceTree = "<group>"; };
		B6FFDAC220740F9100D869A3 /* RecipesListViewModel.swift */ = {isa = PBXFileReference; lastKnownFileType = sourcecode.swift; path = RecipesListViewModel.swift; sourceTree = "<group>"; };
		B6FFDAC520741D1000D869A3 /* UIViewController+Keyboard.swift */ = {isa = PBXFileReference; lastKnownFileType = sourcecode.swift; path = "UIViewController+Keyboard.swift"; sourceTree = "<group>"; };
		B6FFDACC2074293C00D869A3 /* RecipeDetailsStoryboard.storyboard */ = {isa = PBXFileReference; lastKnownFileType = file.storyboard; path = RecipeDetailsStoryboard.storyboard; sourceTree = "<group>"; };
		B6FFDACE2074295A00D869A3 /* RecipeDetailsViewController.swift */ = {isa = PBXFileReference; lastKnownFileType = sourcecode.swift; path = RecipeDetailsViewController.swift; sourceTree = "<group>"; };
		B6FFDAD020742F9000D869A3 /* RecipeDetailsViewModel.swift */ = {isa = PBXFileReference; lastKnownFileType = sourcecode.swift; path = RecipeDetailsViewModel.swift; sourceTree = "<group>"; };
		B6FFDAD220742FF800D869A3 /* RecipeDetailsModel.swift */ = {isa = PBXFileReference; lastKnownFileType = sourcecode.swift; path = RecipeDetailsModel.swift; sourceTree = "<group>"; };
		B6FFDAD4207437E100D869A3 /* UIViewController+NavigationItem.swift */ = {isa = PBXFileReference; lastKnownFileType = sourcecode.swift; path = "UIViewController+NavigationItem.swift"; sourceTree = "<group>"; };
		B6FFDAD920744FBE00D869A3 /* WebViewStoryboard.storyboard */ = {isa = PBXFileReference; lastKnownFileType = file.storyboard; path = WebViewStoryboard.storyboard; sourceTree = "<group>"; };
		B6FFDADB2074512400D869A3 /* WebViewViewController.swift */ = {isa = PBXFileReference; lastKnownFileType = sourcecode.swift; path = WebViewViewController.swift; sourceTree = "<group>"; };
		B6FFDADD20745AE600D869A3 /* MoyaResponse+Toast.swift */ = {isa = PBXFileReference; lastKnownFileType = sourcecode.swift; path = "MoyaResponse+Toast.swift"; sourceTree = "<group>"; };
		CB88086A517F0F1C68C80813 /* Pods-Smakfull.debug.xcconfig */ = {isa = PBXFileReference; includeInIndex = 1; lastKnownFileType = text.xcconfig; name = "Pods-Smakfull.debug.xcconfig"; path = "Pods/Target Support Files/Pods-Smakfull/Pods-Smakfull.debug.xcconfig"; sourceTree = "<group>"; };
/* End PBXFileReference section */

/* Begin PBXFrameworksBuildPhase section */
		B695EC2C2073D85E006FFF69 /* Frameworks */ = {
			isa = PBXFrameworksBuildPhase;
			buildActionMask = 2147483647;
			files = (
				AC3D79CF9AA96CB41A98C86B /* Pods_Smakfull.framework in Frameworks */,
			);
			runOnlyForDeploymentPostprocessing = 0;
		};
/* End PBXFrameworksBuildPhase section */

/* Begin PBXGroup section */
		33F59759BA1AF5F260CAF755 /* Frameworks */ = {
			isa = PBXGroup;
			children = (
				8F860C0FBD64BAA61E51CF4E /* Pods_Smakfull.framework */,
			);
			name = Frameworks;
			sourceTree = "<group>";
		};
		81D1AE27A62B0F8A4DE48FD3 /* Pods */ = {
			isa = PBXGroup;
			children = (
				CB88086A517F0F1C68C80813 /* Pods-Smakfull.debug.xcconfig */,
				7113745A3E1F6C7C26FC3613 /* Pods-Smakfull.release.xcconfig */,
			);
			name = Pods;
			sourceTree = "<group>";
		};
		B695EC262073D85E006FFF69 = {
			isa = PBXGroup;
			children = (
				B695EC312073D85E006FFF69 /* Smakfull */,
				B695EC302073D85E006FFF69 /* Products */,
				81D1AE27A62B0F8A4DE48FD3 /* Pods */,
				33F59759BA1AF5F260CAF755 /* Frameworks */,
			);
			sourceTree = "<group>";
		};
		B695EC302073D85E006FFF69 /* Products */ = {
			isa = PBXGroup;
			children = (
				B695EC2F2073D85E006FFF69 /* Smakfull.app */,
			);
			name = Products;
			sourceTree = "<group>";
		};
		B695EC312073D85E006FFF69 /* Smakfull */ = {
			isa = PBXGroup;
			children = (
				B695EC442073DA23006FFF69 /* AppSettings */,
				B695EC462073DA4B006FFF69 /* SupportingFiles */,
				B695EC472073DA79006FFF69 /* Modules */,
				B695EC482073DA89006FFF69 /* Networking */,
				B6FFDAC420741CFC00D869A3 /* Extensions */,
			);
			path = Smakfull;
			sourceTree = "<group>";
		};
		B695EC442073DA23006FFF69 /* AppSettings */ = {
			isa = PBXGroup;
			children = (
				B695EC452073DA35006FFF69 /* Constants */,
				B695EC322073D85E006FFF69 /* AppDelegate.swift */,
			);
			path = AppSettings;
			sourceTree = "<group>";
		};
		B695EC452073DA35006FFF69 /* Constants */ = {
			isa = PBXGroup;
			children = (
			);
			name = Constants;
			path = ../..;
			sourceTree = "<group>";
		};
		B695EC462073DA4B006FFF69 /* SupportingFiles */ = {
			isa = PBXGroup;
			children = (
				B6FFDAAD2073E19D00D869A3 /* Assets.xcassets */,
				B695EC3B2073D863006FFF69 /* LaunchScreen.storyboard */,
				B695EC3E2073D863006FFF69 /* Info.plist */,
			);
			path = SupportingFiles;
			sourceTree = "<group>";
		};
		B695EC472073DA79006FFF69 /* Modules */ = {
			isa = PBXGroup;
			children = (
				B6FFDAD620744FA000D869A3 /* WebView */,
				B6FFDAC82074290C00D869A3 /* RecipeDetails */,
				B6FFDAAF2073E4F200D869A3 /* RecipesList */,
				B6FFDAA92073DB1900D869A3 /* InitialScreen */,
			);
			path = Modules;
			sourceTree = "<group>";
		};
		B695EC482073DA89006FFF69 /* Networking */ = {
			isa = PBXGroup;
			children = (
				B6FFDAB62073F09600D869A3 /* NetworkSettings.swift */,
				B6FFDAB82073F44B00D869A3 /* NetworkService.swift */,
				B6FFDABA2073F68900D869A3 /* NetworkManager.swift */,
			);
			path = Networking;
			sourceTree = "<group>";
		};
		B6FFDAA92073DB1900D869A3 /* InitialScreen */ = {
			isa = PBXGroup;
			children = (
				B6FFDAC72074290100D869A3 /* Model */,
				B6FFDAB12073E50400D869A3 /* ViewModel */,
				B6FFDAAA2073DB2000D869A3 /* View */,
			);
			path = InitialScreen;
			sourceTree = "<group>";
		};
		B6FFDAAA2073DB2000D869A3 /* View */ = {
			isa = PBXGroup;
			children = (
				B695EC362073D85E006FFF69 /* Main.storyboard */,
				B6FFDAAB2073DB4100D869A3 /* InitialViewController.swift */,
			);
			path = View;
			sourceTree = "<group>";
		};
		B6FFDAAF2073E4F200D869A3 /* RecipesList */ = {
			isa = PBXGroup;
			children = (
				B6FFDABD2073F94800D869A3 /* Model */,
				B6FFDABC2073F93E00D869A3 /* ViewModel */,
				B6FFDAB02073E4FF00D869A3 /* View */,
			);
			path = RecipesList;
			sourceTree = "<group>";
		};
		B6FFDAB02073E4FF00D869A3 /* View */ = {
			isa = PBXGroup;
			children = (
				B6FFDAB22073E5D600D869A3 /* RecipesList.storyboard */,
				B6FFDAB42073E86C00D869A3 /* RecipesListViewController.swift */,
				B6FFDAC020740B6800D869A3 /* RecipeCell.swift */,
			);
			path = View;
			sourceTree = "<group>";
		};
		B6FFDAB12073E50400D869A3 /* ViewModel */ = {
			isa = PBXGroup;
			children = (
			);
			path = ViewModel;
			sourceTree = "<group>";
		};
		B6FFDABC2073F93E00D869A3 /* ViewModel */ = {
			isa = PBXGroup;
			children = (
				B6FFDAC220740F9100D869A3 /* RecipesListViewModel.swift */,
			);
			path = ViewModel;
			sourceTree = "<group>";
		};
		B6FFDABD2073F94800D869A3 /* Model */ = {
			isa = PBXGroup;
			children = (
				B6FFDABE2073F96900D869A3 /* RecipeModel.swift */,
			);
			path = Model;
			sourceTree = "<group>";
		};
		B6FFDAC420741CFC00D869A3 /* Extensions */ = {
			isa = PBXGroup;
			children = (
				B6FFDAC520741D1000D869A3 /* UIViewController+Keyboard.swift */,
				B6FFDAD4207437E100D869A3 /* UIViewController+NavigationItem.swift */,
				B6FFDADD20745AE600D869A3 /* MoyaResponse+Toast.swift */,
			);
			path = Extensions;
			sourceTree = "<group>";
		};
		B6FFDAC72074290100D869A3 /* Model */ = {
			isa = PBXGroup;
			children = (
			);
			path = Model;
			sourceTree = "<group>";
		};
		B6FFDAC82074290C00D869A3 /* RecipeDetails */ = {
			isa = PBXGroup;
			children = (
				B6FFDACB2074292A00D869A3 /* View */,
				B6FFDACA2074292300D869A3 /* ViewModel */,
				B6FFDAC92074291600D869A3 /* Model */,
			);
			path = RecipeDetails;
			sourceTree = "<group>";
		};
		B6FFDAC92074291600D869A3 /* Model */ = {
			isa = PBXGroup;
			children = (
				B6FFDAD220742FF800D869A3 /* RecipeDetailsModel.swift */,
			);
			path = Model;
			sourceTree = "<group>";
		};
		B6FFDACA2074292300D869A3 /* ViewModel */ = {
			isa = PBXGroup;
			children = (
				B6FFDAD020742F9000D869A3 /* RecipeDetailsViewModel.swift */,
			);
			path = ViewModel;
			sourceTree = "<group>";
		};
		B6FFDACB2074292A00D869A3 /* View */ = {
			isa = PBXGroup;
			children = (
				B6FFDACC2074293C00D869A3 /* RecipeDetailsStoryboard.storyboard */,
				B6FFDACE2074295A00D869A3 /* RecipeDetailsViewController.swift */,
			);
			path = View;
			sourceTree = "<group>";
		};
		B6FFDAD620744FA000D869A3 /* WebView */ = {
			isa = PBXGroup;
			children = (
				B6FFDAD720744FA800D869A3 /* View */,
			);
			path = WebView;
			sourceTree = "<group>";
		};
		B6FFDAD720744FA800D869A3 /* View */ = {
			isa = PBXGroup;
			children = (
				B6FFDAD920744FBE00D869A3 /* WebViewStoryboard.storyboard */,
				B6FFDADB2074512400D869A3 /* WebViewViewController.swift */,
			);
			path = View;
			sourceTree = "<group>";
		};
/* End PBXGroup section */

/* Begin PBXNativeTarget section */
		B695EC2E2073D85E006FFF69 /* Smakfull */ = {
			isa = PBXNativeTarget;
			buildConfigurationList = B695EC412073D863006FFF69 /* Build configuration list for PBXNativeTarget "Smakfull" */;
			buildPhases = (
				FBAB915F6F1B54F9BFD6D8D0 /* [CP] Check Pods Manifest.lock */,
				B695EC2B2073D85E006FFF69 /* Sources */,
				B695EC2C2073D85E006FFF69 /* Frameworks */,
				B695EC2D2073D85E006FFF69 /* Resources */,
				24E6E838275B6D92E135334E /* [CP] Embed Pods Frameworks */,
				09190337BD17195EA3EDE6F4 /* [CP] Copy Pods Resources */,
			);
			buildRules = (
			);
			dependencies = (
			);
			name = Smakfull;
			productName = Smakfull;
			productReference = B695EC2F2073D85E006FFF69 /* Smakfull.app */;
			productType = "com.apple.product-type.application";
		};
/* End PBXNativeTarget section */

/* Begin PBXProject section */
		B695EC272073D85E006FFF69 /* Project object */ = {
			isa = PBXProject;
			attributes = {
				LastSwiftUpdateCheck = 0930;
				LastUpgradeCheck = 0930;
				ORGANIZATIONNAME = com.mcpusz.smakfull;
				TargetAttributes = {
					B695EC2E2073D85E006FFF69 = {
						CreatedOnToolsVersion = 9.3;
					};
				};
			};
			buildConfigurationList = B695EC2A2073D85E006FFF69 /* Build configuration list for PBXProject "Smakfull" */;
			compatibilityVersion = "Xcode 9.3";
			developmentRegion = en;
			hasScannedForEncodings = 0;
			knownRegions = (
				en,
				Base,
			);
			mainGroup = B695EC262073D85E006FFF69;
			productRefGroup = B695EC302073D85E006FFF69 /* Products */;
			projectDirPath = "";
			projectRoot = "";
			targets = (
				B695EC2E2073D85E006FFF69 /* Smakfull */,
			);
		};
/* End PBXProject section */

/* Begin PBXResourcesBuildPhase section */
		B695EC2D2073D85E006FFF69 /* Resources */ = {
			isa = PBXResourcesBuildPhase;
			buildActionMask = 2147483647;
			files = (
				B6FFDAB32073E5D600D869A3 /* RecipesList.storyboard in Resources */,
				B695EC3D2073D863006FFF69 /* LaunchScreen.storyboard in Resources */,
				B6FFDAAE2073E19D00D869A3 /* Assets.xcassets in Resources */,
				B6FFDADA20744FBE00D869A3 /* WebViewStoryboard.storyboard in Resources */,
				B695EC382073D85E006FFF69 /* Main.storyboard in Resources */,
				B6FFDACD2074293D00D869A3 /* RecipeDetailsStoryboard.storyboard in Resources */,
			);
			runOnlyForDeploymentPostprocessing = 0;
		};
/* End PBXResourcesBuildPhase section */

/* Begin PBXShellScriptBuildPhase section */
		09190337BD17195EA3EDE6F4 /* [CP] Copy Pods Resources */ = {
			isa = PBXShellScriptBuildPhase;
			buildActionMask = 2147483647;
			files = (
			);
			inputPaths = (
			);
			name = "[CP] Copy Pods Resources";
			outputPaths = (
			);
			runOnlyForDeploymentPostprocessing = 0;
			shellPath = /bin/sh;
			shellScript = "\"${SRCROOT}/Pods/Target Support Files/Pods-Smakfull/Pods-Smakfull-resources.sh\"\n";
			showEnvVarsInLog = 0;
		};
		24E6E838275B6D92E135334E /* [CP] Embed Pods Frameworks */ = {
			isa = PBXShellScriptBuildPhase;
			buildActionMask = 2147483647;
			files = (
			);
			inputPaths = (
				"${SRCROOT}/Pods/Target Support Files/Pods-Smakfull/Pods-Smakfull-frameworks.sh",
				"${BUILT_PRODUCTS_DIR}/Alamofire/Alamofire.framework",
				"${BUILT_PRODUCTS_DIR}/Kingfisher/Kingfisher.framework",
				"${BUILT_PRODUCTS_DIR}/MCToast/MCToast.framework",
				"${BUILT_PRODUCTS_DIR}/Moya/Moya.framework",
				"${BUILT_PRODUCTS_DIR}/Reachability/Reachability.framework",
				"${BUILT_PRODUCTS_DIR}/Result/Result.framework",
				"${BUILT_PRODUCTS_DIR}/RxCocoa/RxCocoa.framework",
				"${BUILT_PRODUCTS_DIR}/RxSwift/RxSwift.framework",
			);
			name = "[CP] Embed Pods Frameworks";
			outputPaths = (
				"${TARGET_BUILD_DIR}/${FRAMEWORKS_FOLDER_PATH}/Alamofire.framework",
				"${TARGET_BUILD_DIR}/${FRAMEWORKS_FOLDER_PATH}/Kingfisher.framework",
				"${TARGET_BUILD_DIR}/${FRAMEWORKS_FOLDER_PATH}/MCToast.framework",
				"${TARGET_BUILD_DIR}/${FRAMEWORKS_FOLDER_PATH}/Moya.framework",
				"${TARGET_BUILD_DIR}/${FRAMEWORKS_FOLDER_PATH}/Reachability.framework",
				"${TARGET_BUILD_DIR}/${FRAMEWORKS_FOLDER_PATH}/Result.framework",
				"${TARGET_BUILD_DIR}/${FRAMEWORKS_FOLDER_PATH}/RxCocoa.framework",
				"${TARGET_BUILD_DIR}/${FRAMEWORKS_FOLDER_PATH}/RxSwift.framework",
			);
			runOnlyForDeploymentPostprocessing = 0;
			shellPath = /bin/sh;
			shellScript = "\"${SRCROOT}/Pods/Target Support Files/Pods-Smakfull/Pods-Smakfull-frameworks.sh\"\n";
			showEnvVarsInLog = 0;
		};
		FBAB915F6F1B54F9BFD6D8D0 /* [CP] Check Pods Manifest.lock */ = {
			isa = PBXShellScriptBuildPhase;
			buildActionMask = 2147483647;
			files = (
			);
			inputPaths = (
				"${PODS_PODFILE_DIR_PATH}/Podfile.lock",
				"${PODS_ROOT}/Manifest.lock",
			);
			name = "[CP] Check Pods Manifest.lock";
			outputPaths = (
				"$(DERIVED_FILE_DIR)/Pods-Smakfull-checkManifestLockResult.txt",
			);
			runOnlyForDeploymentPostprocessing = 0;
			shellPath = /bin/sh;
			shellScript = "diff \"${PODS_PODFILE_DIR_PATH}/Podfile.lock\" \"${PODS_ROOT}/Manifest.lock\" > /dev/null\nif [ $? != 0 ] ; then\n    # print error to STDERR\n    echo \"error: The sandbox is not in sync with the Podfile.lock. Run 'pod install' or update your CocoaPods installation.\" >&2\n    exit 1\nfi\n# This output is used by Xcode 'outputs' to avoid re-running this script phase.\necho \"SUCCESS\" > \"${SCRIPT_OUTPUT_FILE_0}\"\n";
			showEnvVarsInLog = 0;
		};
/* End PBXShellScriptBuildPhase section */

/* Begin PBXSourcesBuildPhase section */
		B695EC2B2073D85E006FFF69 /* Sources */ = {
			isa = PBXSourcesBuildPhase;
			buildActionMask = 2147483647;
			files = (
				B6FFDABF2073F96900D869A3 /* RecipeModel.swift in Sources */,
				B6FFDAD5207437E100D869A3 /* UIViewController+NavigationItem.swift in Sources */,
				B6FFDAD120742F9000D869A3 /* RecipeDetailsViewModel.swift in Sources */,
				B6FFDABB2073F68900D869A3 /* NetworkManager.swift in Sources */,
				B6FFDAD320742FF800D869A3 /* RecipeDetailsModel.swift in Sources */,
				B6FFDAB92073F44B00D869A3 /* NetworkService.swift in Sources */,
				B6FFDAC120740B6800D869A3 /* RecipeCell.swift in Sources */,
				B695EC332073D85E006FFF69 /* AppDelegate.swift in Sources */,
				B6FFDAC620741D1000D869A3 /* UIViewController+Keyboard.swift in Sources */,
				B6FFDAC320740F9100D869A3 /* RecipesListViewModel.swift in Sources */,
				B6FFDADC2074512400D869A3 /* WebViewViewController.swift in Sources */,
				B6FFDAAC2073DB4100D869A3 /* InitialViewController.swift in Sources */,
				B6FFDAB52073E86C00D869A3 /* RecipesListViewController.swift in Sources */,
				B6FFDACF2074295A00D869A3 /* RecipeDetailsViewController.swift in Sources */,
				B6FFDADE20745AE600D869A3 /* MoyaResponse+Toast.swift in Sources */,
				B6FFDAB72073F09600D869A3 /* NetworkSettings.swift in Sources */,
			);
			runOnlyForDeploymentPostprocessing = 0;
		};
/* End PBXSourcesBuildPhase section */

/* Begin PBXVariantGroup section */
		B695EC362073D85E006FFF69 /* Main.storyboard */ = {
			isa = PBXVariantGroup;
			children = (
				B695EC372073D85E006FFF69 /* Base */,
			);
			name = Main.storyboard;
			sourceTree = "<group>";
		};
		B695EC3B2073D863006FFF69 /* LaunchScreen.storyboard */ = {
			isa = PBXVariantGroup;
			children = (
				B695EC3C2073D863006FFF69 /* Base */,
			);
			name = LaunchScreen.storyboard;
			sourceTree = "<group>";
		};
/* End PBXVariantGroup section */

/* Begin XCBuildConfiguration section */
		B695EC3F2073D863006FFF69 /* Debug */ = {
			isa = XCBuildConfiguration;
			buildSettings = {
				ALWAYS_SEARCH_USER_PATHS = NO;
				CLANG_ANALYZER_NONNULL = YES;
				CLANG_ANALYZER_NUMBER_OBJECT_CONVERSION = YES_AGGRESSIVE;
				CLANG_CXX_LANGUAGE_STANDARD = "gnu++14";
				CLANG_CXX_LIBRARY = "libc++";
				CLANG_ENABLE_MODULES = YES;
				CLANG_ENABLE_OBJC_ARC = YES;
				CLANG_ENABLE_OBJC_WEAK = YES;
				CLANG_WARN_BLOCK_CAPTURE_AUTORELEASING = YES;
				CLANG_WARN_BOOL_CONVERSION = YES;
				CLANG_WARN_COMMA = YES;
				CLANG_WARN_CONSTANT_CONVERSION = YES;
				CLANG_WARN_DEPRECATED_OBJC_IMPLEMENTATIONS = YES;
				CLANG_WARN_DIRECT_OBJC_ISA_USAGE = YES_ERROR;
				CLANG_WARN_DOCUMENTATION_COMMENTS = YES;
				CLANG_WARN_EMPTY_BODY = YES;
				CLANG_WARN_ENUM_CONVERSION = YES;
				CLANG_WARN_INFINITE_RECURSION = YES;
				CLANG_WARN_INT_CONVERSION = YES;
				CLANG_WARN_NON_LITERAL_NULL_CONVERSION = YES;
				CLANG_WARN_OBJC_IMPLICIT_RETAIN_SELF = YES;
				CLANG_WARN_OBJC_LITERAL_CONVERSION = YES;
				CLANG_WARN_OBJC_ROOT_CLASS = YES_ERROR;
				CLANG_WARN_RANGE_LOOP_ANALYSIS = YES;
				CLANG_WARN_STRICT_PROTOTYPES = YES;
				CLANG_WARN_SUSPICIOUS_MOVE = YES;
				CLANG_WARN_UNGUARDED_AVAILABILITY = YES_AGGRESSIVE;
				CLANG_WARN_UNREACHABLE_CODE = YES;
				CLANG_WARN__DUPLICATE_METHOD_MATCH = YES;
				CODE_SIGN_IDENTITY = "iPhone Developer";
				COPY_PHASE_STRIP = NO;
				DEBUG_INFORMATION_FORMAT = dwarf;
				ENABLE_STRICT_OBJC_MSGSEND = YES;
				ENABLE_TESTABILITY = YES;
				GCC_C_LANGUAGE_STANDARD = gnu11;
				GCC_DYNAMIC_NO_PIC = NO;
				GCC_NO_COMMON_BLOCKS = YES;
				GCC_OPTIMIZATION_LEVEL = 0;
				GCC_PREPROCESSOR_DEFINITIONS = (
					"DEBUG=1",
					"$(inherited)",
				);
				GCC_WARN_64_TO_32_BIT_CONVERSION = YES;
				GCC_WARN_ABOUT_RETURN_TYPE = YES_ERROR;
				GCC_WARN_UNDECLARED_SELECTOR = YES;
				GCC_WARN_UNINITIALIZED_AUTOS = YES_AGGRESSIVE;
				GCC_WARN_UNUSED_FUNCTION = YES;
				GCC_WARN_UNUSED_VARIABLE = YES;
				IPHONEOS_DEPLOYMENT_TARGET = 11.3;
				MTL_ENABLE_DEBUG_INFO = YES;
				ONLY_ACTIVE_ARCH = YES;
				SDKROOT = iphoneos;
				SWIFT_ACTIVE_COMPILATION_CONDITIONS = DEBUG;
				SWIFT_OPTIMIZATION_LEVEL = "-Onone";
			};
			name = Debug;
		};
		B695EC402073D863006FFF69 /* Release */ = {
			isa = XCBuildConfiguration;
			buildSettings = {
				ALWAYS_SEARCH_USER_PATHS = NO;
				CLANG_ANALYZER_NONNULL = YES;
				CLANG_ANALYZER_NUMBER_OBJECT_CONVERSION = YES_AGGRESSIVE;
				CLANG_CXX_LANGUAGE_STANDARD = "gnu++14";
				CLANG_CXX_LIBRARY = "libc++";
				CLANG_ENABLE_MODULES = YES;
				CLANG_ENABLE_OBJC_ARC = YES;
				CLANG_ENABLE_OBJC_WEAK = YES;
				CLANG_WARN_BLOCK_CAPTURE_AUTORELEASING = YES;
				CLANG_WARN_BOOL_CONVERSION = YES;
				CLANG_WARN_COMMA = YES;
				CLANG_WARN_CONSTANT_CONVERSION = YES;
				CLANG_WARN_DEPRECATED_OBJC_IMPLEMENTATIONS = YES;
				CLANG_WARN_DIRECT_OBJC_ISA_USAGE = YES_ERROR;
				CLANG_WARN_DOCUMENTATION_COMMENTS = YES;
				CLANG_WARN_EMPTY_BODY = YES;
				CLANG_WARN_ENUM_CONVERSION = YES;
				CLANG_WARN_INFINITE_RECURSION = YES;
				CLANG_WARN_INT_CONVERSION = YES;
				CLANG_WARN_NON_LITERAL_NULL_CONVERSION = YES;
				CLANG_WARN_OBJC_IMPLICIT_RETAIN_SELF = YES;
				CLANG_WARN_OBJC_LITERAL_CONVERSION = YES;
				CLANG_WARN_OBJC_ROOT_CLASS = YES_ERROR;
				CLANG_WARN_RANGE_LOOP_ANALYSIS = YES;
				CLANG_WARN_STRICT_PROTOTYPES = YES;
				CLANG_WARN_SUSPICIOUS_MOVE = YES;
				CLANG_WARN_UNGUARDED_AVAILABILITY = YES_AGGRESSIVE;
				CLANG_WARN_UNREACHABLE_CODE = YES;
				CLANG_WARN__DUPLICATE_METHOD_MATCH = YES;
				CODE_SIGN_IDENTITY = "iPhone Developer";
				COPY_PHASE_STRIP = NO;
				DEBUG_INFORMATION_FORMAT = "dwarf-with-dsym";
				ENABLE_NS_ASSERTIONS = NO;
				ENABLE_STRICT_OBJC_MSGSEND = YES;
				GCC_C_LANGUAGE_STANDARD = gnu11;
				GCC_NO_COMMON_BLOCKS = YES;
				GCC_WARN_64_TO_32_BIT_CONVERSION = YES;
				GCC_WARN_ABOUT_RETURN_TYPE = YES_ERROR;
				GCC_WARN_UNDECLARED_SELECTOR = YES;
				GCC_WARN_UNINITIALIZED_AUTOS = YES_AGGRESSIVE;
				GCC_WARN_UNUSED_FUNCTION = YES;
				GCC_WARN_UNUSED_VARIABLE = YES;
				IPHONEOS_DEPLOYMENT_TARGET = 11.3;
				MTL_ENABLE_DEBUG_INFO = NO;
				SDKROOT = iphoneos;
				SWIFT_COMPILATION_MODE = wholemodule;
				SWIFT_OPTIMIZATION_LEVEL = "-O";
				VALIDATE_PRODUCT = YES;
			};
			name = Release;
		};
		B695EC422073D863006FFF69 /* Debug */ = {
			isa = XCBuildConfiguration;
			baseConfigurationReference = CB88086A517F0F1C68C80813 /* Pods-Smakfull.debug.xcconfig */;
			buildSettings = {
				ASSETCATALOG_COMPILER_APPICON_NAME = AppIcon;
				CODE_SIGN_STYLE = Automatic;
				DEVELOPMENT_TEAM = 3SMUCQFH3U;
				INFOPLIST_FILE = "$(SRCROOT)/Smakfull/SupportingFiles/Info.plist";
				LD_RUNPATH_SEARCH_PATHS = (
					"$(inherited)",
					"@executable_path/Frameworks",
				);
				PRODUCT_BUNDLE_IDENTIFIER = McPusz.Smakfull;
				PRODUCT_NAME = "$(TARGET_NAME)";
				SWIFT_VERSION = 4.0;
				TARGETED_DEVICE_FAMILY = "1,2";
			};
			name = Debug;
		};
		B695EC432073D863006FFF69 /* Release */ = {
			isa = XCBuildConfiguration;
			baseConfigurationReference = 7113745A3E1F6C7C26FC3613 /* Pods-Smakfull.release.xcconfig */;
			buildSettings = {
				ASSETCATALOG_COMPILER_APPICON_NAME = AppIcon;
				CODE_SIGN_STYLE = Automatic;
				DEVELOPMENT_TEAM = 3SMUCQFH3U;
				INFOPLIST_FILE = "$(SRCROOT)/Smakfull/SupportingFiles/Info.plist";
				LD_RUNPATH_SEARCH_PATHS = (
					"$(inherited)",
					"@executable_path/Frameworks",
				);
				PRODUCT_BUNDLE_IDENTIFIER = McPusz.Smakfull;
				PRODUCT_NAME = "$(TARGET_NAME)";
				SWIFT_VERSION = 4.0;
				TARGETED_DEVICE_FAMILY = "1,2";
			};
			name = Release;
		};
/* End XCBuildConfiguration section */

/* Begin XCConfigurationList section */
		B695EC2A2073D85E006FFF69 /* Build configuration list for PBXProject "Smakfull" */ = {
			isa = XCConfigurationList;
			buildConfigurations = (
				B695EC3F2073D863006FFF69 /* Debug */,
				B695EC402073D863006FFF69 /* Release */,
			);
			defaultConfigurationIsVisible = 0;
			defaultConfigurationName = Release;
		};
		B695EC412073D863006FFF69 /* Build configuration list for PBXNativeTarget "Smakfull" */ = {
			isa = XCConfigurationList;
			buildConfigurations = (
				B695EC422073D863006FFF69 /* Debug */,
				B695EC432073D863006FFF69 /* Release */,
			);
			defaultConfigurationIsVisible = 0;
			defaultConfigurationName = Release;
		};
/* End XCConfigurationList section */
	};
	rootObject = B695EC272073D85E006FFF69 /* Project object */;
}
